PODS:
  - HLSpriteKit (1.2.0)
  - INSpriteKit (1.2.1)
  - NORLabelNode (0.9.2)

DEPENDENCIES:
  - HLSpriteKit (from `https://github.com/hilogames/HLSpriteKit.git`)
  - INSpriteKit
  - NORLabelNode

EXTERNAL SOURCES:
  HLSpriteKit:
    :git: https://github.com/hilogames/HLSpriteKit.git

CHECKOUT OPTIONS:
  HLSpriteKit:
    :commit: cf0e3ad8c71eb66e19b3876f2a1e49d108f3e4ea
    :git: https://github.com/hilogames/HLSpriteKit.git

SPEC CHECKSUMS:
  HLSpriteKit: 0cdd24ae853559266bd99eb08f3e7f6f9d835714
  INSpriteKit: 90943665f8ea4590989eb4eeb6cad4eb32b3d248
  NORLabelNode: db8991d0344eefe1f9273f0a078141d7e175c447

PODFILE CHECKSUM: d3d98c4a37042a7157b3b4b487d3230d59186176

COCOAPODS: 1.1.0.beta.1
